
Microsoft Visual Studio Solution File, Format Version 12.00
# Visual Studio Version 16
VisualStudioVersion = 16.0.29519.87
MinimumVisualStudioVersion = 10.0.40219.1
Project("{FAE04EC0-301F-11D3-BF4B-00C04F79EFBC}") = "Guia0Cadenas2", "Guia0Cadenas2.csproj", "{F081529A-BC2C-410D-A2DA-765F111D2460}"
EndProject
Global
	GlobalSection(SolutionConfigurationPlatforms) = preSolution
		Debug|Any CPU = Debug|Any CPU
		Release|Any CPU = Release|Any CPU
	EndGlobalSection
	GlobalSection(ProjectConfigurationPlatforms) = postSolution
		{F081529A-BC2C-410D-A2DA-765F111D2460}.Debug|Any CPU.ActiveCfg = Debug|Any CPU
		{F081529A-BC2C-410D-A2DA-765F111D2460}.Debug|Any CPU.Build.0 = Debug|Any CPU
		{F081529A-BC2C-410D-A2DA-765F111D2460}.Release|Any CPU.ActiveCfg = Release|Any CPU
		{F081529A-BC2C-410D-A2DA-765F111D2460}.Release|Any CPU.Build.0 = Release|Any CPU
	EndGlobalSection
	GlobalSection(SolutionProperties) = preSolution
		HideSolutionNode = FALSE
	EndGlobalSection
	GlobalSection(ExtensibilityGlobals) = postSolution
		SolutionGuid = {AD3AB21A-A764-478F-839E-69ACF05C2AE2}
	EndGlobalSection
EndGlobal
