
Microsoft Visual Studio Solution File, Format Version 12.00
# Visual Studio Version 16
VisualStudioVersion = 16.0.29519.87
MinimumVisualStudioVersion = 10.0.40219.1
Project("{FAE04EC0-301F-11D3-BF4B-00C04F79EFBC}") = "Guia0Cadenas11", "Guia0Cadenas11.csproj", "{E7F6AED1-0E00-4A66-9979-625C411EA780}"
EndProject
Global
	GlobalSection(SolutionConfigurationPlatforms) = preSolution
		Debug|Any CPU = Debug|Any CPU
		Release|Any CPU = Release|Any CPU
	EndGlobalSection
	GlobalSection(ProjectConfigurationPlatforms) = postSolution
		{E7F6AED1-0E00-4A66-9979-625C411EA780}.Debug|Any CPU.ActiveCfg = Debug|Any CPU
		{E7F6AED1-0E00-4A66-9979-625C411EA780}.Debug|Any CPU.Build.0 = Debug|Any CPU
		{E7F6AED1-0E00-4A66-9979-625C411EA780}.Release|Any CPU.ActiveCfg = Release|Any CPU
		{E7F6AED1-0E00-4A66-9979-625C411EA780}.Release|Any CPU.Build.0 = Release|Any CPU
	EndGlobalSection
	GlobalSection(SolutionProperties) = preSolution
		HideSolutionNode = FALSE
	EndGlobalSection
	GlobalSection(ExtensibilityGlobals) = postSolution
		SolutionGuid = {DF708891-D094-4D37-AA51-F95F120903CB}
	EndGlobalSection
EndGlobal
