
Microsoft Visual Studio Solution File, Format Version 12.00
# Visual Studio Version 16
VisualStudioVersion = 16.0.29519.87
MinimumVisualStudioVersion = 10.0.40219.1
Project("{FAE04EC0-301F-11D3-BF4B-00C04F79EFBC}") = "Guia0Cadenas8", "Guia0Cadenas8.csproj", "{A658B5B0-B5A6-4559-8D12-5DEB3B565367}"
EndProject
Global
	GlobalSection(SolutionConfigurationPlatforms) = preSolution
		Debug|Any CPU = Debug|Any CPU
		Release|Any CPU = Release|Any CPU
	EndGlobalSection
	GlobalSection(ProjectConfigurationPlatforms) = postSolution
		{A658B5B0-B5A6-4559-8D12-5DEB3B565367}.Debug|Any CPU.ActiveCfg = Debug|Any CPU
		{A658B5B0-B5A6-4559-8D12-5DEB3B565367}.Debug|Any CPU.Build.0 = Debug|Any CPU
		{A658B5B0-B5A6-4559-8D12-5DEB3B565367}.Release|Any CPU.ActiveCfg = Release|Any CPU
		{A658B5B0-B5A6-4559-8D12-5DEB3B565367}.Release|Any CPU.Build.0 = Release|Any CPU
	EndGlobalSection
	GlobalSection(SolutionProperties) = preSolution
		HideSolutionNode = FALSE
	EndGlobalSection
	GlobalSection(ExtensibilityGlobals) = postSolution
		SolutionGuid = {14874B4A-6CF1-4196-AB2A-5E63377A9108}
	EndGlobalSection
EndGlobal
