
Microsoft Visual Studio Solution File, Format Version 12.00
# Visual Studio Version 16
VisualStudioVersion = 16.0.29519.87
MinimumVisualStudioVersion = 10.0.40219.1
Project("{FAE04EC0-301F-11D3-BF4B-00C04F79EFBC}") = "Guia0Fechas2", "Guia0Fechas2.csproj", "{4E351D4A-D5FE-4679-A5E1-BEAF742D5212}"
EndProject
Global
	GlobalSection(SolutionConfigurationPlatforms) = preSolution
		Debug|Any CPU = Debug|Any CPU
		Release|Any CPU = Release|Any CPU
	EndGlobalSection
	GlobalSection(ProjectConfigurationPlatforms) = postSolution
		{4E351D4A-D5FE-4679-A5E1-BEAF742D5212}.Debug|Any CPU.ActiveCfg = Debug|Any CPU
		{4E351D4A-D5FE-4679-A5E1-BEAF742D5212}.Debug|Any CPU.Build.0 = Debug|Any CPU
		{4E351D4A-D5FE-4679-A5E1-BEAF742D5212}.Release|Any CPU.ActiveCfg = Release|Any CPU
		{4E351D4A-D5FE-4679-A5E1-BEAF742D5212}.Release|Any CPU.Build.0 = Release|Any CPU
	EndGlobalSection
	GlobalSection(SolutionProperties) = preSolution
		HideSolutionNode = FALSE
	EndGlobalSection
	GlobalSection(ExtensibilityGlobals) = postSolution
		SolutionGuid = {A4392BA7-F1D4-4E3E-A7CD-8600782D6010}
	EndGlobalSection
EndGlobal
