
Microsoft Visual Studio Solution File, Format Version 12.00
# Visual Studio Version 16
VisualStudioVersion = 16.0.29519.87
MinimumVisualStudioVersion = 10.0.40219.1
Project("{FAE04EC0-301F-11D3-BF4B-00C04F79EFBC}") = "Guia0Cadenas6", "Guia0Cadenas6.csproj", "{BB278A7F-08AD-4ADD-A447-465338E580E4}"
EndProject
Global
	GlobalSection(SolutionConfigurationPlatforms) = preSolution
		Debug|Any CPU = Debug|Any CPU
		Release|Any CPU = Release|Any CPU
	EndGlobalSection
	GlobalSection(ProjectConfigurationPlatforms) = postSolution
		{BB278A7F-08AD-4ADD-A447-465338E580E4}.Debug|Any CPU.ActiveCfg = Debug|Any CPU
		{BB278A7F-08AD-4ADD-A447-465338E580E4}.Debug|Any CPU.Build.0 = Debug|Any CPU
		{BB278A7F-08AD-4ADD-A447-465338E580E4}.Release|Any CPU.ActiveCfg = Release|Any CPU
		{BB278A7F-08AD-4ADD-A447-465338E580E4}.Release|Any CPU.Build.0 = Release|Any CPU
	EndGlobalSection
	GlobalSection(SolutionProperties) = preSolution
		HideSolutionNode = FALSE
	EndGlobalSection
	GlobalSection(ExtensibilityGlobals) = postSolution
		SolutionGuid = {2F626D86-EB68-4BA1-9F91-FF42EC170AF6}
	EndGlobalSection
EndGlobal
