
Microsoft Visual Studio Solution File, Format Version 12.00
# Visual Studio Version 16
VisualStudioVersion = 16.0.29519.87
MinimumVisualStudioVersion = 10.0.40219.1
Project("{FAE04EC0-301F-11D3-BF4B-00C04F79EFBC}") = "Guia0Cadenas1", "Guia0Cadenas1.csproj", "{3D0FC005-AA06-41C1-A6B7-3839AFA63ECC}"
EndProject
Global
	GlobalSection(SolutionConfigurationPlatforms) = preSolution
		Debug|Any CPU = Debug|Any CPU
		Release|Any CPU = Release|Any CPU
	EndGlobalSection
	GlobalSection(ProjectConfigurationPlatforms) = postSolution
		{3D0FC005-AA06-41C1-A6B7-3839AFA63ECC}.Debug|Any CPU.ActiveCfg = Debug|Any CPU
		{3D0FC005-AA06-41C1-A6B7-3839AFA63ECC}.Debug|Any CPU.Build.0 = Debug|Any CPU
		{3D0FC005-AA06-41C1-A6B7-3839AFA63ECC}.Release|Any CPU.ActiveCfg = Release|Any CPU
		{3D0FC005-AA06-41C1-A6B7-3839AFA63ECC}.Release|Any CPU.Build.0 = Release|Any CPU
	EndGlobalSection
	GlobalSection(SolutionProperties) = preSolution
		HideSolutionNode = FALSE
	EndGlobalSection
	GlobalSection(ExtensibilityGlobals) = postSolution
		SolutionGuid = {3EB02F6F-D23C-4603-82DE-B3AFD0134E08}
	EndGlobalSection
EndGlobal
