
Microsoft Visual Studio Solution File, Format Version 12.00
# Visual Studio Version 16
VisualStudioVersion = 16.0.29519.87
MinimumVisualStudioVersion = 10.0.40219.1
Project("{FAE04EC0-301F-11D3-BF4B-00C04F79EFBC}") = "Guia0ALD6", "Guia0ALD6.csproj", "{9F68275D-70F6-4F4C-AB16-A9BEA6591564}"
EndProject
Global
	GlobalSection(SolutionConfigurationPlatforms) = preSolution
		Debug|Any CPU = Debug|Any CPU
		Release|Any CPU = Release|Any CPU
	EndGlobalSection
	GlobalSection(ProjectConfigurationPlatforms) = postSolution
		{9F68275D-70F6-4F4C-AB16-A9BEA6591564}.Debug|Any CPU.ActiveCfg = Debug|Any CPU
		{9F68275D-70F6-4F4C-AB16-A9BEA6591564}.Debug|Any CPU.Build.0 = Debug|Any CPU
		{9F68275D-70F6-4F4C-AB16-A9BEA6591564}.Release|Any CPU.ActiveCfg = Release|Any CPU
		{9F68275D-70F6-4F4C-AB16-A9BEA6591564}.Release|Any CPU.Build.0 = Release|Any CPU
	EndGlobalSection
	GlobalSection(SolutionProperties) = preSolution
		HideSolutionNode = FALSE
	EndGlobalSection
	GlobalSection(ExtensibilityGlobals) = postSolution
		SolutionGuid = {FA7BCE2F-111E-4EA4-A1BD-0A063BE4F3A5}
	EndGlobalSection
EndGlobal
